
Microsoft Visual Studio Solution File, Format Version 12.00
# Visual Studio Version 17
VisualStudioVersion = 17.0.31903.59
MinimumVisualStudioVersion = 10.0.40219.1
Project("{2150E333-8FDC-42A3-9474-1A3956D46DE8}") = "services", "services", "{D547DB6C-D540-42DD-8A8C-F6DC76617826}"
EndProject
Project("{9A19103F-16F7-4668-BE54-9A1E7A4F7556}") = "CardService", "services\CardService\CardService.csproj", "{8AB23293-4AEA-4048-9E4E-53F58C1C8833}"
EndProject
Project("{9A19103F-16F7-4668-BE54-9A1E7A4F7556}") = "CustomerService", "services\CustomerService\CustomerService.csproj", "{AFAFC046-4813-4366-9AB9-55DE32A5402E}"
EndProject
Project("{E53339B2-1760-4266-BCC7-CA923CBCF16C}") = "docker-compose", "docker-compose.dcproj", "{5C7E004C-3629-4A3A-A763-3DEC74992A38}"
EndProject
Global
	GlobalSection(SolutionConfigurationPlatforms) = preSolution
		Debug|Any CPU = Debug|Any CPU
		Release|Any CPU = Release|Any CPU
	EndGlobalSection
	GlobalSection(ProjectConfigurationPlatforms) = postSolution
		{8AB23293-4AEA-4048-9E4E-53F58C1C8833}.Debug|Any CPU.ActiveCfg = Debug|Any CPU
		{8AB23293-4AEA-4048-9E4E-53F58C1C8833}.Debug|Any CPU.Build.0 = Debug|Any CPU
		{8AB23293-4AEA-4048-9E4E-53F58C1C8833}.Release|Any CPU.ActiveCfg = Release|Any CPU
		{8AB23293-4AEA-4048-9E4E-53F58C1C8833}.Release|Any CPU.Build.0 = Release|Any CPU
		{AFAFC046-4813-4366-9AB9-55DE32A5402E}.Debug|Any CPU.ActiveCfg = Debug|Any CPU
		{AFAFC046-4813-4366-9AB9-55DE32A5402E}.Debug|Any CPU.Build.0 = Debug|Any CPU
		{AFAFC046-4813-4366-9AB9-55DE32A5402E}.Release|Any CPU.ActiveCfg = Release|Any CPU
		{AFAFC046-4813-4366-9AB9-55DE32A5402E}.Release|Any CPU.Build.0 = Release|Any CPU
		{5C7E004C-3629-4A3A-A763-3DEC74992A38}.Debug|Any CPU.ActiveCfg = Debug|Any CPU
		{5C7E004C-3629-4A3A-A763-3DEC74992A38}.Debug|Any CPU.Build.0 = Debug|Any CPU
		{5C7E004C-3629-4A3A-A763-3DEC74992A38}.Release|Any CPU.ActiveCfg = Release|Any CPU
		{5C7E004C-3629-4A3A-A763-3DEC74992A38}.Release|Any CPU.Build.0 = Release|Any CPU
	EndGlobalSection
	GlobalSection(SolutionProperties) = preSolution
		HideSolutionNode = FALSE
	EndGlobalSection
	GlobalSection(NestedProjects) = preSolution
		{8AB23293-4AEA-4048-9E4E-53F58C1C8833} = {D547DB6C-D540-42DD-8A8C-F6DC76617826}
		{AFAFC046-4813-4366-9AB9-55DE32A5402E} = {D547DB6C-D540-42DD-8A8C-F6DC76617826}
	EndGlobalSection
EndGlobal
